
Microsoft Visual Studio Solution File, Format Version 12.00
# Visual Studio Version 16
VisualStudioVersion = 16.0.29215.179
MinimumVisualStudioVersion = 10.0.40219.1
Project("{FAE04EC0-301F-11D3-BF4B-00C04F79EFBC}") = "PrimG9", "PrimG9\PrimG9.csproj", "{071EF036-07EC-427C-AB46-D29E37423572}"
EndProject
Global
	GlobalSection(SolutionConfigurationPlatforms) = preSolution
		Debug|Any CPU = Debug|Any CPU
		Release|Any CPU = Release|Any CPU
	EndGlobalSection
	GlobalSection(ProjectConfigurationPlatforms) = postSolution
		{071EF036-07EC-427C-AB46-D29E37423572}.Debug|Any CPU.ActiveCfg = Debug|Any CPU
		{071EF036-07EC-427C-AB46-D29E37423572}.Debug|Any CPU.Build.0 = Debug|Any CPU
		{071EF036-07EC-427C-AB46-D29E37423572}.Release|Any CPU.ActiveCfg = Release|Any CPU
		{071EF036-07EC-427C-AB46-D29E37423572}.Release|Any CPU.Build.0 = Release|Any CPU
	EndGlobalSection
	GlobalSection(SolutionProperties) = preSolution
		HideSolutionNode = FALSE
	EndGlobalSection
	GlobalSection(ExtensibilityGlobals) = postSolution
		SolutionGuid = {03E4E2A9-9254-4C80-B38F-36E4C46B5338}
	EndGlobalSection
EndGlobal
